// !$*UTF8*$!
{
	archiveVersion = 1;
	classes = {
	};
	objectVersion = 50;
	objects = {

/* Begin PBXBuildFile section */
		09EFAF9723EB2E9F00BDF04F /* AppDelegate.swift in Sources */ = {isa = PBXBuildFile; fileRef = 09EFAF9623EB2E9F00BDF04F /* AppDelegate.swift */; };
		09EFAF9923EB2E9F00BDF04F /* SceneDelegate.swift in Sources */ = {isa = PBXBuildFile; fileRef = 09EFAF9823EB2E9F00BDF04F /* SceneDelegate.swift */; };
		09EFAF9B23EB2E9F00BDF04F /* ViewController.swift in Sources */ = {isa = PBXBuildFile; fileRef = 09EFAF9A23EB2E9F00BDF04F /* ViewController.swift */; };
		09EFAF9E23EB2E9F00BDF04F /* Main.storyboard in Resources */ = {isa = PBXBuildFile; fileRef = 09EFAF9C23EB2E9F00BDF04F /* Main.storyboard */; };
		09EFAFA023EB2EA000BDF04F /* Assets.xcassets in Resources */ = {isa = PBXBuildFile; fileRef = 09EFAF9F23EB2EA000BDF04F /* Assets.xcassets */; };
		09EFAFA323EB2EA000BDF04F /* LaunchScreen.storyboard in Resources */ = {isa = PBXBuildFile; fileRef = 09EFAFA123EB2EA000BDF04F /* LaunchScreen.storyboard */; };
/* End PBXBuildFile section */

/* Begin PBXFileReference section */
		09EFAF9323EB2E9F00BDF04F /* HOL6.app */ = {isa = PBXFileReference; explicitFileType = wrapper.application; includeInIndex = 0; path = HOL6.app; sourceTree = BUILT_PRODUCTS_DIR; };
		09EFAF9623EB2E9F00BDF04F /* AppDelegate.swift */ = {isa = PBXFileReference; lastKnownFileType = sourcecode.swift; path = AppDelegate.swift; sourceTree = "<group>"; };
		09EFAF9823EB2E9F00BDF04F /* SceneDelegate.swift */ = {isa = PBXFileReference; lastKnownFileType = sourcecode.swift; path = SceneDelegate.swift; sourceTree = "<group>"; };
		09EFAF9A23EB2E9F00BDF04F /* ViewController.swift */ = {isa = PBXFileReference; lastKnownFileType = sourcecode.swift; path = ViewController.swift; sourceTree = "<group>"; };
		09EFAF9D23EB2E9F00BDF04F /* Base */ = {isa = PBXFileReference; lastKnownFileType = file.storyboard; name = Base; path = Base.lproj/Main.storyboard; sourceTree = "<group>"; };
		09EFAF9F23EB2EA000BDF04F /* Assets.xcassets */ = {isa = PBXFileReference; lastKnownFileType = folder.assetcatalog; path = Assets.xcassets; sourceTree = "<group>"; };
		09EFAFA223EB2EA000BDF04F /* Base */ = {isa = PBXFileReference; lastKnownFileType = file.storyboard; name = Base; path = Base.lproj/LaunchScreen.storyboard; sourceTree = "<group>"; };
		09EFAFA423EB2EA000BDF04F /* Info.plist */ = {isa = PBXFileReference; lastKnownFileType = text.plist.xml; path = Info.plist; sourceTree = "<group>"; };
/* End PBXFileReference section */

/* Begin PBXFrameworksBuildPhase section */
		09EFAF9023EB2E9E00BDF04F /* Frameworks */ = {
			isa = PBXFrameworksBuildPhase;
			buildActionMask = 2147483647;
			files = (
			);
			runOnlyForDeploymentPostprocessing = 0;
		};
/* End PBXFrameworksBuildPhase section */

/* Begin PBXGroup section */
		09EFAF8A23EB2E9E00BDF04F = {
			isa = PBXGroup;
			children = (
				09EFAF9523EB2E9F00BDF04F /* HOL6 */,
				09EFAF9423EB2E9F00BDF04F /* Products */,
			);
			sourceTree = "<group>";
		};
		09EFAF9423EB2E9F00BDF04F /* Products */ = {
			isa = PBXGroup;
			children = (
				09EFAF9323EB2E9F00BDF04F /* HOL6.app */,
			);
			name = Products;
			sourceTree = "<group>";
		};
		09EFAF9523EB2E9F00BDF04F /* HOL6 */ = {
			isa = PBXGroup;
			children = (
				09EFAF9623EB2E9F00BDF04F /* AppDelegate.swift */,
				09EFAF9823EB2E9F00BDF04F /* SceneDelegate.swift */,
				09EFAF9A23EB2E9F00BDF04F /* ViewController.swift */,
				09EFAF9C23EB2E9F00BDF04F /* Main.storyboard */,
				09EFAF9F23EB2EA000BDF04F /* Assets.xcassets */,
				09EFAFA123EB2EA000BDF04F /* LaunchScreen.storyboard */,
				09EFAFA423EB2EA000BDF04F /* Info.plist */,
			);
			path = HOL6;
			sourceTree = "<group>";
		};
/* End PBXGroup section */

/* Begin PBXNativeTarget section */
		09EFAF9223EB2E9E00BDF04F /* HOL6 */ = {
			isa = PBXNativeTarget;
			buildConfigurationList = 09EFAFA723EB2EA000BDF04F /* Build configuration list for PBXNativeTarget "HOL6" */;
			buildPhases = (
				09EFAF8F23EB2E9E00BDF04F /* Sources */,
				09EFAF9023EB2E9E00BDF04F /* Frameworks */,
				09EFAF9123EB2E9E00BDF04F /* Resources */,
			);
			buildRules = (
			);
			dependencies = (
			);
			name = HOL6;
			productName = HOL6;
			productReference = 09EFAF9323EB2E9F00BDF04F /* HOL6.app */;
			productType = "com.apple.product-type.application";
		};
/* End PBXNativeTarget section */

/* Begin PBXProject section */
		09EFAF8B23EB2E9E00BDF04F /* Project object */ = {
			isa = PBXProject;
			attributes = {
				LastSwiftUpdateCheck = 1130;
				LastUpgradeCheck = 1130;
				ORGANIZATIONNAME = Revature;
				TargetAttributes = {
					09EFAF9223EB2E9E00BDF04F = {
						CreatedOnToolsVersion = 11.3.1;
					};
				};
			};
			buildConfigurationList = 09EFAF8E23EB2E9E00BDF04F /* Build configuration list for PBXProject "HOL6" */;
			compatibilityVersion = "Xcode 9.3";
			developmentRegion = en;
			hasScannedForEncodings = 0;
			knownRegions = (
				en,
				Base,
			);
			mainGroup = 09EFAF8A23EB2E9E00BDF04F;
			productRefGroup = 09EFAF9423EB2E9F00BDF04F /* Products */;
			projectDirPath = "";
			projectRoot = "";
			targets = (
				09EFAF9223EB2E9E00BDF04F /* HOL6 */,
			);
		};
/* End PBXProject section */

/* Begin PBXResourcesBuildPhase section */
		09EFAF9123EB2E9E00BDF04F /* Resources */ = {
			isa = PBXResourcesBuildPhase;
			buildActionMask = 2147483647;
			files = (
				09EFAFA323EB2EA000BDF04F /* LaunchScreen.storyboard in Resources */,
				09EFAFA023EB2EA000BDF04F /* Assets.xcassets in Resources */,
				09EFAF9E23EB2E9F00BDF04F /* Main.storyboard in Resources */,
			);
			runOnlyForDeploymentPostprocessing = 0;
		};
/* End PBXResourcesBuildPhase section */

/* Begin PBXSourcesBuildPhase section */
		09EFAF8F23EB2E9E00BDF04F /* Sources */ = {
			isa = PBXSourcesBuildPhase;
			buildActionMask = 2147483647;
			files = (
				09EFAF9B23EB2E9F00BDF04F /* ViewController.swift in Sources */,
				09EFAF9723EB2E9F00BDF04F /* AppDelegate.swift in Sources */,
				09EFAF9923EB2E9F00BDF04F /* SceneDelegate.swift in Sources */,
			);
			runOnlyForDeploymentPostprocessing = 0;
		};
/* End PBXSourcesBuildPhase section */

/* Begin PBXVariantGroup section */
		09EFAF9C23EB2E9F00BDF04F /* Main.storyboard */ = {
			isa = PBXVariantGroup;
			children = (
				09EFAF9D23EB2E9F00BDF04F /* Base */,
			);
			name = Main.storyboard;
			sourceTree = "<group>";
		};
		09EFAFA123EB2EA000BDF04F /* LaunchScreen.storyboard */ = {
			isa = PBXVariantGroup;
			children = (
				09EFAFA223EB2EA000BDF04F /* Base */,
			);
			name = LaunchScreen.storyboard;
			sourceTree = "<group>";
		};
/* End PBXVariantGroup section */

/* Begin XCBuildConfiguration section */
		09EFAFA523EB2EA000BDF04F /* Debug */ = {
			isa = XCBuildConfiguration;
			buildSettings = {
				ALWAYS_SEARCH_USER_PATHS = NO;
				CLANG_ANALYZER_NONNULL = YES;
				CLANG_ANALYZER_NUMBER_OBJECT_CONVERSION = YES_AGGRESSIVE;
				CLANG_CXX_LANGUAGE_STANDARD = "gnu++14";
				CLANG_CXX_LIBRARY = "libc++";
				CLANG_ENABLE_MODULES = YES;
				CLANG_ENABLE_OBJC_ARC = YES;
				CLANG_ENABLE_OBJC_WEAK = YES;
				CLANG_WARN_BLOCK_CAPTURE_AUTORELEASING = YES;
				CLANG_WARN_BOOL_CONVERSION = YES;
				CLANG_WARN_COMMA = YES;
				CLANG_WARN_CONSTANT_CONVERSION = YES;
				CLANG_WARN_DEPRECATED_OBJC_IMPLEMENTATIONS = YES;
				CLANG_WARN_DIRECT_OBJC_ISA_USAGE = YES_ERROR;
				CLANG_WARN_DOCUMENTATION_COMMENTS = YES;
				CLANG_WARN_EMPTY_BODY = YES;
				CLANG_WARN_ENUM_CONVERSION = YES;
				CLANG_WARN_INFINITE_RECURSION = YES;
				CLANG_WARN_INT_CONVERSION = YES;
				CLANG_WARN_NON_LITERAL_NULL_CONVERSION = YES;
				CLANG_WARN_OBJC_IMPLICIT_RETAIN_SELF = YES;
				CLANG_WARN_OBJC_LITERAL_CONVERSION = YES;
				CLANG_WARN_OBJC_ROOT_CLASS = YES_ERROR;
				CLANG_WARN_RANGE_LOOP_ANALYSIS = YES;
				CLANG_WARN_STRICT_PROTOTYPES = YES;
				CLANG_WARN_SUSPICIOUS_MOVE = YES;
				CLANG_WARN_UNGUARDED_AVAILABILITY = YES_AGGRESSIVE;
				CLANG_WARN_UNREACHABLE_CODE = YES;
				CLANG_WARN__DUPLICATE_METHOD_MATCH = YES;
				COPY_PHASE_STRIP = NO;
				DEBUG_INFORMATION_FORMAT = dwarf;
				ENABLE_STRICT_OBJC_MSGSEND = YES;
				ENABLE_TESTABILITY = YES;
				GCC_C_LANGUAGE_STANDARD = gnu11;
				GCC_DYNAMIC_NO_PIC = NO;
				GCC_NO_COMMON_BLOCKS = YES;
				GCC_OPTIMIZATION_LEVEL = 0;
				GCC_PREPROCESSOR_DEFINITIONS = (
					"DEBUG=1",
					"$(inherited)",
				);
				GCC_WARN_64_TO_32_BIT_CONVERSION = YES;
				GCC_WARN_ABOUT_RETURN_TYPE = YES_ERROR;
				GCC_WARN_UNDECLARED_SELECTOR = YES;
				GCC_WARN_UNINITIALIZED_AUTOS = YES_AGGRESSIVE;
				GCC_WARN_UNUSED_FUNCTION = YES;
				GCC_WARN_UNUSED_VARIABLE = YES;
				IPHONEOS_DEPLOYMENT_TARGET = 13.2;
				MTL_ENABLE_DEBUG_INFO = INCLUDE_SOURCE;
				MTL_FAST_MATH = YES;
				ONLY_ACTIVE_ARCH = YES;
				SDKROOT = iphoneos;
				SWIFT_ACTIVE_COMPILATION_CONDITIONS = DEBUG;
				SWIFT_OPTIMIZATION_LEVEL = "-Onone";
			};
			name = Debug;
		};
		09EFAFA623EB2EA000BDF04F /* Release */ = {
			isa = XCBuildConfiguration;
			buildSettings = {
				ALWAYS_SEARCH_USER_PATHS = NO;
				CLANG_ANALYZER_NONNULL = YES;
				CLANG_ANALYZER_NUMBER_OBJECT_CONVERSION = YES_AGGRESSIVE;
				CLANG_CXX_LANGUAGE_STANDARD = "gnu++14";
				CLANG_CXX_LIBRARY = "libc++";
				CLANG_ENABLE_MODULES = YES;
				CLANG_ENABLE_OBJC_ARC = YES;
				CLANG_ENABLE_OBJC_WEAK = YES;
				CLANG_WARN_BLOCK_CAPTURE_AUTORELEASING = YES;
				CLANG_WARN_BOOL_CONVERSION = YES;
				CLANG_WARN_COMMA = YES;
				CLANG_WARN_CONSTANT_CONVERSION = YES;
				CLANG_WARN_DEPRECATED_OBJC_IMPLEMENTATIONS = YES;
				CLANG_WARN_DIRECT_OBJC_ISA_USAGE = YES_ERROR;
				CLANG_WARN_DOCUMENTATION_COMMENTS = YES;
				CLANG_WARN_EMPTY_BODY = YES;
				CLANG_WARN_ENUM_CONVERSION = YES;
				CLANG_WARN_INFINITE_RECURSION = YES;
				CLANG_WARN_INT_CONVERSION = YES;
				CLANG_WARN_NON_LITERAL_NULL_CONVERSION = YES;
				CLANG_WARN_OBJC_IMPLICIT_RETAIN_SELF = YES;
				CLANG_WARN_OBJC_LITERAL_CONVERSION = YES;
				CLANG_WARN_OBJC_ROOT_CLASS = YES_ERROR;
				CLANG_WARN_RANGE_LOOP_ANALYSIS = YES;
				CLANG_WARN_STRICT_PROTOTYPES = YES;
				CLANG_WARN_SUSPICIOUS_MOVE = YES;
				CLANG_WARN_UNGUARDED_AVAILABILITY = YES_AGGRESSIVE;
				CLANG_WARN_UNREACHABLE_CODE = YES;
				CLANG_WARN__DUPLICATE_METHOD_MATCH = YES;
				COPY_PHASE_STRIP = NO;
				DEBUG_INFORMATION_FORMAT = "dwarf-with-dsym";
				ENABLE_NS_ASSERTIONS = NO;
				ENABLE_STRICT_OBJC_MSGSEND = YES;
				GCC_C_LANGUAGE_STANDARD = gnu11;
				GCC_NO_COMMON_BLOCKS = YES;
				GCC_WARN_64_TO_32_BIT_CONVERSION = YES;
				GCC_WARN_ABOUT_RETURN_TYPE = YES_ERROR;
				GCC_WARN_UNDECLARED_SELECTOR = YES;
				GCC_WARN_UNINITIALIZED_AUTOS = YES_AGGRESSIVE;
				GCC_WARN_UNUSED_FUNCTION = YES;
				GCC_WARN_UNUSED_VARIABLE = YES;
				IPHONEOS_DEPLOYMENT_TARGET = 13.2;
				MTL_ENABLE_DEBUG_INFO = NO;
				MTL_FAST_MATH = YES;
				SDKROOT = iphoneos;
				SWIFT_COMPILATION_MODE = wholemodule;
				SWIFT_OPTIMIZATION_LEVEL = "-O";
				VALIDATE_PRODUCT = YES;
			};
			name = Release;
		};
		09EFAFA823EB2EA000BDF04F /* Debug */ = {
			isa = XCBuildConfiguration;
			buildSettings = {
				ASSETCATALOG_COMPILER_APPICON_NAME = AppIcon;
				CODE_SIGN_STYLE = Automatic;
				INFOPLIST_FILE = HOL6/Info.plist;
				LD_RUNPATH_SEARCH_PATHS = (
					"$(inherited)",
					"@executable_path/Frameworks",
				);
				PRODUCT_BUNDLE_IDENTIFIER = com.revature.HOL6;
				PRODUCT_NAME = "$(TARGET_NAME)";
				SWIFT_VERSION = 5.0;
				TARGETED_DEVICE_FAMILY = "1,2";
			};
			name = Debug;
		};
		09EFAFA923EB2EA000BDF04F /* Release */ = {
			isa = XCBuildConfiguration;
			buildSettings = {
				ASSETCATALOG_COMPILER_APPICON_NAME = AppIcon;
				CODE_SIGN_STYLE = Automatic;
				INFOPLIST_FILE = HOL6/Info.plist;
				LD_RUNPATH_SEARCH_PATHS = (
					"$(inherited)",
					"@executable_path/Frameworks",
				);
				PRODUCT_BUNDLE_IDENTIFIER = com.revature.HOL6;
				PRODUCT_NAME = "$(TARGET_NAME)";
				SWIFT_VERSION = 5.0;
				TARGETED_DEVICE_FAMILY = "1,2";
			};
			name = Release;
		};
/* End XCBuildConfiguration section */

/* Begin XCConfigurationList section */
		09EFAF8E23EB2E9E00BDF04F /* Build configuration list for PBXProject "HOL6" */ = {
			isa = XCConfigurationList;
			buildConfigurations = (
				09EFAFA523EB2EA000BDF04F /* Debug */,
				09EFAFA623EB2EA000BDF04F /* Release */,
			);
			defaultConfigurationIsVisible = 0;
			defaultConfigurationName = Release;
		};
		09EFAFA723EB2EA000BDF04F /* Build configuration list for PBXNativeTarget "HOL6" */ = {
			isa = XCConfigurationList;
			buildConfigurations = (
				09EFAFA823EB2EA000BDF04F /* Debug */,
				09EFAFA923EB2EA000BDF04F /* Release */,
			);
			defaultConfigurationIsVisible = 0;
			defaultConfigurationName = Release;
		};
/* End XCConfigurationList section */
	};
	rootObject = 09EFAF8B23EB2E9E00BDF04F /* Project object */;
}
